
Microsoft Visual Studio Solution File, Format Version 12.00
# Visual Studio Version 17
VisualStudioVersion = 17.14.36408.4
MinimumVisualStudioVersion = 10.0.40219.1
Project("{FAE04EC0-301F-11D3-BF4B-00C04F79EFBC}") = "Core", "Core\Core.csproj", "{53101E96-31E3-4E15-B8BB-A4D9F822D0F3}"
EndProject
Project("{FAE04EC0-301F-11D3-BF4B-00C04F79EFBC}") = "Infrastructure", "Infrastructure\Infrastructure.csproj", "{EBCFC78B-BB88-41D7-A47F-71AAA427DB07}"
EndProject
Project("{FAE04EC0-301F-11D3-BF4B-00C04F79EFBC}") = "API", "API\API.csproj", "{2E0E6CB6-1453-49C2-BF67-C602A682386E}"
EndProject
Project("{FAE04EC0-301F-11D3-BF4B-00C04F79EFBC}") = "UI", "UI\UI.csproj", "{5B286F5E-1DA4-C61D-7861-80C46E44F0B3}"
EndProject
Project("{2150E333-8FDC-42A3-9474-1A3956D46DE8}") = "Projektmappenelemente", "Projektmappenelemente", "{84D27F74-D2BA-6C25-2661-968F101900D9}"
	ProjectSection(SolutionItems) = preProject
		.dockerignore = .dockerignore
		.gitattributes = .gitattributes
		.gitignore = .gitignore
	EndProjectSection
EndProject
Global
	GlobalSection(SolutionConfigurationPlatforms) = preSolution
		Debug|Any CPU = Debug|Any CPU
		Release|Any CPU = Release|Any CPU
	EndGlobalSection
	GlobalSection(ProjectConfigurationPlatforms) = postSolution
		{53101E96-31E3-4E15-B8BB-A4D9F822D0F3}.Debug|Any CPU.ActiveCfg = Debug|Any CPU
		{53101E96-31E3-4E15-B8BB-A4D9F822D0F3}.Debug|Any CPU.Build.0 = Debug|Any CPU
		{53101E96-31E3-4E15-B8BB-A4D9F822D0F3}.Release|Any CPU.ActiveCfg = Release|Any CPU
		{53101E96-31E3-4E15-B8BB-A4D9F822D0F3}.Release|Any CPU.Build.0 = Release|Any CPU
		{EBCFC78B-BB88-41D7-A47F-71AAA427DB07}.Debug|Any CPU.ActiveCfg = Debug|Any CPU
		{EBCFC78B-BB88-41D7-A47F-71AAA427DB07}.Debug|Any CPU.Build.0 = Debug|Any CPU
		{EBCFC78B-BB88-41D7-A47F-71AAA427DB07}.Release|Any CPU.ActiveCfg = Release|Any CPU
		{EBCFC78B-BB88-41D7-A47F-71AAA427DB07}.Release|Any CPU.Build.0 = Release|Any CPU
		{2E0E6CB6-1453-49C2-BF67-C602A682386E}.Debug|Any CPU.ActiveCfg = Debug|Any CPU
		{2E0E6CB6-1453-49C2-BF67-C602A682386E}.Debug|Any CPU.Build.0 = Debug|Any CPU
		{2E0E6CB6-1453-49C2-BF67-C602A682386E}.Release|Any CPU.ActiveCfg = Release|Any CPU
		{2E0E6CB6-1453-49C2-BF67-C602A682386E}.Release|Any CPU.Build.0 = Release|Any CPU
		{5B286F5E-1DA4-C61D-7861-80C46E44F0B3}.Debug|Any CPU.ActiveCfg = Debug|Any CPU
		{5B286F5E-1DA4-C61D-7861-80C46E44F0B3}.Debug|Any CPU.Build.0 = Debug|Any CPU
		{5B286F5E-1DA4-C61D-7861-80C46E44F0B3}.Release|Any CPU.ActiveCfg = Release|Any CPU
		{5B286F5E-1DA4-C61D-7861-80C46E44F0B3}.Release|Any CPU.Build.0 = Release|Any CPU
	EndGlobalSection
	GlobalSection(SolutionProperties) = preSolution
		HideSolutionNode = FALSE
	EndGlobalSection
	GlobalSection(ExtensibilityGlobals) = postSolution
		SolutionGuid = {1C7E7663-525B-4C7C-8A7B-9FA201BDA74C}
	EndGlobalSection
EndGlobal
